
Microsoft Visual Studio Solution File, Format Version 12.00
# Visual Studio 15
VisualStudioVersion = 15.0.26430.6
MinimumVisualStudioVersion = 10.0.40219.1
Project("{FAE04EC0-301F-11D3-BF4B-00C04F79EFBC}") = "Rechentrainer", "..\Programmierprojekt_M404_Rechentrainer_Leuenberger_Adrian\M404_Rechentrainer_Leuenberger_Adrian\Rechentrainer.csproj", "{B3B52BDA-9A93-4742-B8C8-910592F12E36}"
EndProject
Global
	GlobalSection(SolutionConfigurationPlatforms) = preSolution
		Debug|Any CPU = Debug|Any CPU
		Release|Any CPU = Release|Any CPU
	EndGlobalSection
	GlobalSection(ProjectConfigurationPlatforms) = postSolution
		{B3B52BDA-9A93-4742-B8C8-910592F12E36}.Debug|Any CPU.ActiveCfg = Debug|Any CPU
		{B3B52BDA-9A93-4742-B8C8-910592F12E36}.Debug|Any CPU.Build.0 = Debug|Any CPU
		{B3B52BDA-9A93-4742-B8C8-910592F12E36}.Release|Any CPU.ActiveCfg = Release|Any CPU
		{B3B52BDA-9A93-4742-B8C8-910592F12E36}.Release|Any CPU.Build.0 = Release|Any CPU
	EndGlobalSection
	GlobalSection(SolutionProperties) = preSolution
		HideSolutionNode = FALSE
	EndGlobalSection
EndGlobal
